dependencies:
- name: postgresql
  repository: https://charts.bitnami.com/bitnami
  version: 8.9.8
- name: vault
  repository: https://helm.releases.hashicorp.com
  version: 0.16.1
digest: sha256:03150d3bc9085d7a7686849b04abc7dbba0d88043e6ec527194f4590637eae52
generated: "2021-11-10T00:36:39.308536+08:00"
