dependencies:
- name: postgresql
  repository: https://charts.bitnami.com/bitnami
  version: 10.16.2
- name: mlp
  repository: file://subcharts/mlp
  version: 1.0.1
- name: merlin
  repository: file://subcharts/merlin
  version: 0.7.1
- name: xp-management
  repository: https://turing-ml.github.io/charts
  version: 0.1.1
- name: xp-treatment
  repository: https://turing-ml.github.io/charts
  version: 0.1.1
digest: sha256:c9bf9b4fd7527c27cfa3de004662328c4ff8a14fcaa8661279ce2688cbc2c786
generated: "2022-07-27T10:24:52.509596+08:00"
