dependencies:
- name: postgresql
  repository: https://charts.bitnami.com/bitnami
  version: 8.9.8
- name: mlp
  repository: file://subcharts/mlp
  version: 1.0.1
- name: merlin
  repository: file://subcharts/merlin
  version: 0.7.1
digest: sha256:62dbfb1f6d5d038e0d5d4e7f5c5f47c1e637293899136e4347829124e9db364d
generated: "2021-11-16T14:56:44.145523+08:00"
